Microsoft Visual Studio Solution File, Format Version 12.00
# Visual Studio 2012
Project("{FAE04EC0-301F-11D3-BF4B-00C04F79EFBC}") = "Application", "Application\Application.csproj", "{EEC44832-E071-40DB-AD55-FACB3E477B81}"
EndProject
Project("{FAE04EC0-301F-11D3-BF4B-00C04F79EFBC}") = "DomainModel", "DomainModel\DomainModel.csproj", "{068C0813-42BD-4F67-B3A0-A7412CD8F2A9}"
EndProject
Project("{FAE04EC0-301F-11D3-BF4B-00C04F79EFBC}") = "MessagingModel", "MessagingModel\MessagingModel.csproj", "{FD0FEAC4-03B7-4E06-80D2-2C6367BE3B25}"
EndProject
Project("{FAE04EC0-301F-11D3-BF4B-00C04F79EFBC}") = "DomainModel.Services.Mocks", "DomainModel.Services.Mocks\DomainModel.Services.Mocks.csproj", "{170C6C37-C554-4228-944C-1AB6F24D9573}"
EndProject
Project("{FAE04EC0-301F-11D3-BF4B-00C04F79EFBC}") = "PersonsService", "PersonsService\PersonsService.csproj", "{3AE92E8A-FC56-47B7-B83A-4868AE1FB099}"
EndProject
Project("{FAE04EC0-301F-11D3-BF4B-00C04F79EFBC}") = "PersonsServiceModel", "PersonsServiceModel\PersonsServiceModel.csproj", "{3C479CEE-411B-440A-8319-B2ECC43762B9}"
EndProject
Project("{FAE04EC0-301F-11D3-BF4B-00C04F79EFBC}") = "DataAccess.Model", "DataAccess.Model\DataAccess.Model.csproj", "{D259C121-5C4A-424C-899C-9566A94CBCA3}"
EndProject
Project("{00D1A9C2-B5F0-4AF3-8072-F6C62B433612}") = "DataAccess.Database", "DataAccess.Database\DataAccess.Database.sqlproj", "{2E74D876-3749-4637-8A17-67C48C58C20F}"
EndProject
Project("{FAE04EC0-301F-11D3-BF4B-00C04F79EFBC}") = "SchedulingService", "SchedulingService\SchedulingService.csproj", "{6B89DA66-A88A-41F2-AC08-2F63B7341F47}"
EndProject
Project("{FAE04EC0-301F-11D3-BF4B-00C04F79EFBC}") = "SchedulingServiceModel", "SchedulingServiceModel\SchedulingServiceModel.csproj", "{623BE081-A150-4051-9773-6939B7FD4821}"
EndProject
Project("{00D1A9C2-B5F0-4AF3-8072-F6C62B433612}") = "PersonsService.Database", "PersonsService.Database\PersonsService.Database.sqlproj", "{82E20F6A-CB9D-4F5C-B741-EA076E80B256}"
EndProject
Project("{FAE04EC0-301F-11D3-BF4B-00C04F79EFBC}") = "PersonsService.DataAccess", "PersonsService.DataAccess\PersonsService.DataAccess.csproj", "{C7BBA467-E295-456B-BD1F-C47D3BDADCD7}"
EndProject
Project("{FAE04EC0-301F-11D3-BF4B-00C04F79EFBC}") = "SchedulingService.DataAccess", "SchedulingService.DataAccess\SchedulingService.DataAccess.csproj", "{607DA8C2-FEBF-4D3A-8EC6-E4151719D568}"
EndProject
Project("{2150E333-8FDC-42A3-9474-1A3956D46DE8}") = "PersonService", "PersonService", "{A9B4F4ED-86B9-496A-AC71-F6B1AB157822}"
EndProject
Project("{2150E333-8FDC-42A3-9474-1A3956D46DE8}") = "ScheduleService", "ScheduleService", "{3ADD2687-7D35-465E-B2C3-7B691C08F1E8}"
EndProject
Project("{FAE04EC0-301F-11D3-BF4B-00C04F79EFBC}") = "PersonsService.WcfClient", "PersonsService.WcfClient\PersonsService.WcfClient.csproj", "{3B8E56DE-C5A7-44E0-9AE0-AADC58144661}"
EndProject
Project("{FAE04EC0-301F-11D3-BF4B-00C04F79EFBC}") = "SchedulingService.WcfClient", "SchedulingService.WcfClient\SchedulingService.WcfClient.csproj", "{49386CC3-543B-44A1-886A-E4720888564A}"
EndProject
Global
	GlobalSection(SolutionConfigurationPlatforms) = preSolution
		Debug|Any CPU = Debug|Any CPU
		Hill30.Dev.WCF|Any CPU = Hill30.Dev.WCF|Any CPU
		Hill30.Dev|Any CPU = Hill30.Dev|Any CPU
		Release|Any CPU = Release|Any CPU
	EndGlobalSection
	GlobalSection(ProjectConfigurationPlatforms) = postSolution
		{EEC44832-E071-40DB-AD55-FACB3E477B81}.Debug|Any CPU.ActiveCfg = Debug|Any CPU
		{EEC44832-E071-40DB-AD55-FACB3E477B81}.Debug|Any CPU.Build.0 = Debug|Any CPU
		{EEC44832-E071-40DB-AD55-FACB3E477B81}.Hill30.Dev.WCF|Any CPU.ActiveCfg = Hill30.Dev.WCF|Any CPU
		{EEC44832-E071-40DB-AD55-FACB3E477B81}.Hill30.Dev.WCF|Any CPU.Build.0 = Hill30.Dev.WCF|Any CPU
		{EEC44832-E071-40DB-AD55-FACB3E477B81}.Hill30.Dev|Any CPU.ActiveCfg = Hill30.Dev|Any CPU
		{EEC44832-E071-40DB-AD55-FACB3E477B81}.Hill30.Dev|Any CPU.Build.0 = Hill30.Dev|Any CPU
		{EEC44832-E071-40DB-AD55-FACB3E477B81}.Release|Any CPU.ActiveCfg = Release|Any CPU
		{EEC44832-E071-40DB-AD55-FACB3E477B81}.Release|Any CPU.Build.0 = Release|Any CPU
		{068C0813-42BD-4F67-B3A0-A7412CD8F2A9}.Debug|Any CPU.ActiveCfg = Debug|Any CPU
		{068C0813-42BD-4F67-B3A0-A7412CD8F2A9}.Debug|Any CPU.Build.0 = Debug|Any CPU
		{068C0813-42BD-4F67-B3A0-A7412CD8F2A9}.Hill30.Dev.WCF|Any CPU.ActiveCfg = Hill30.Dev.WCF|Any CPU
		{068C0813-42BD-4F67-B3A0-A7412CD8F2A9}.Hill30.Dev.WCF|Any CPU.Build.0 = Hill30.Dev.WCF|Any CPU
		{068C0813-42BD-4F67-B3A0-A7412CD8F2A9}.Hill30.Dev|Any CPU.ActiveCfg = Hill30.Dev|Any CPU
		{068C0813-42BD-4F67-B3A0-A7412CD8F2A9}.Hill30.Dev|Any CPU.Build.0 = Hill30.Dev|Any CPU
		{068C0813-42BD-4F67-B3A0-A7412CD8F2A9}.Release|Any CPU.ActiveCfg = Release|Any CPU
		{068C0813-42BD-4F67-B3A0-A7412CD8F2A9}.Release|Any CPU.Build.0 = Release|Any CPU
		{FD0FEAC4-03B7-4E06-80D2-2C6367BE3B25}.Debug|Any CPU.ActiveCfg = Debug|Any CPU
		{FD0FEAC4-03B7-4E06-80D2-2C6367BE3B25}.Debug|Any CPU.Build.0 = Debug|Any CPU
		{FD0FEAC4-03B7-4E06-80D2-2C6367BE3B25}.Hill30.Dev.WCF|Any CPU.ActiveCfg = Hill30.Dev.WCF|Any CPU
		{FD0FEAC4-03B7-4E06-80D2-2C6367BE3B25}.Hill30.Dev.WCF|Any CPU.Build.0 = Hill30.Dev.WCF|Any CPU
		{FD0FEAC4-03B7-4E06-80D2-2C6367BE3B25}.Hill30.Dev|Any CPU.ActiveCfg = Hill30.Dev|Any CPU
		{FD0FEAC4-03B7-4E06-80D2-2C6367BE3B25}.Hill30.Dev|Any CPU.Build.0 = Hill30.Dev|Any CPU
		{FD0FEAC4-03B7-4E06-80D2-2C6367BE3B25}.Release|Any CPU.ActiveCfg = Release|Any CPU
		{FD0FEAC4-03B7-4E06-80D2-2C6367BE3B25}.Release|Any CPU.Build.0 = Release|Any CPU
		{170C6C37-C554-4228-944C-1AB6F24D9573}.Debug|Any CPU.ActiveCfg = Debug|Any CPU
		{170C6C37-C554-4228-944C-1AB6F24D9573}.Debug|Any CPU.Build.0 = Debug|Any CPU
		{170C6C37-C554-4228-944C-1AB6F24D9573}.Hill30.Dev.WCF|Any CPU.ActiveCfg = Hill30.Dev.WCF|Any CPU
		{170C6C37-C554-4228-944C-1AB6F24D9573}.Hill30.Dev.WCF|Any CPU.Build.0 = Hill30.Dev.WCF|Any CPU
		{170C6C37-C554-4228-944C-1AB6F24D9573}.Hill30.Dev|Any CPU.ActiveCfg = Hill30.Dev|Any CPU
		{170C6C37-C554-4228-944C-1AB6F24D9573}.Hill30.Dev|Any CPU.Build.0 = Hill30.Dev|Any CPU
		{170C6C37-C554-4228-944C-1AB6F24D9573}.Release|Any CPU.ActiveCfg = Release|Any CPU
		{170C6C37-C554-4228-944C-1AB6F24D9573}.Release|Any CPU.Build.0 = Release|Any CPU
		{3AE92E8A-FC56-47B7-B83A-4868AE1FB099}.Debug|Any CPU.ActiveCfg = Debug|Any CPU
		{3AE92E8A-FC56-47B7-B83A-4868AE1FB099}.Debug|Any CPU.Build.0 = Debug|Any CPU
		{3AE92E8A-FC56-47B7-B83A-4868AE1FB099}.Hill30.Dev.WCF|Any CPU.ActiveCfg = Hill30.Dev.WCF|Any CPU
		{3AE92E8A-FC56-47B7-B83A-4868AE1FB099}.Hill30.Dev.WCF|Any CPU.Build.0 = Hill30.Dev.WCF|Any CPU
		{3AE92E8A-FC56-47B7-B83A-4868AE1FB099}.Hill30.Dev|Any CPU.ActiveCfg = Hill30.Dev|Any CPU
		{3AE92E8A-FC56-47B7-B83A-4868AE1FB099}.Hill30.Dev|Any CPU.Build.0 = Hill30.Dev|Any CPU
		{3AE92E8A-FC56-47B7-B83A-4868AE1FB099}.Release|Any CPU.ActiveCfg = Release|Any CPU
		{3AE92E8A-FC56-47B7-B83A-4868AE1FB099}.Release|Any CPU.Build.0 = Release|Any CPU
		{3C479CEE-411B-440A-8319-B2ECC43762B9}.Debug|Any CPU.ActiveCfg = Debug|Any CPU
		{3C479CEE-411B-440A-8319-B2ECC43762B9}.Debug|Any CPU.Build.0 = Debug|Any CPU
		{3C479CEE-411B-440A-8319-B2ECC43762B9}.Hill30.Dev.WCF|Any CPU.ActiveCfg = Hill30.Dev.WCF|Any CPU
		{3C479CEE-411B-440A-8319-B2ECC43762B9}.Hill30.Dev.WCF|Any CPU.Build.0 = Hill30.Dev.WCF|Any CPU
		{3C479CEE-411B-440A-8319-B2ECC43762B9}.Hill30.Dev|Any CPU.ActiveCfg = Hill30.Dev|Any CPU
		{3C479CEE-411B-440A-8319-B2ECC43762B9}.Hill30.Dev|Any CPU.Build.0 = Hill30.Dev|Any CPU
		{3C479CEE-411B-440A-8319-B2ECC43762B9}.Release|Any CPU.ActiveCfg = Release|Any CPU
		{3C479CEE-411B-440A-8319-B2ECC43762B9}.Release|Any CPU.Build.0 = Release|Any CPU
		{D259C121-5C4A-424C-899C-9566A94CBCA3}.Debug|Any CPU.ActiveCfg = Debug|Any CPU
		{D259C121-5C4A-424C-899C-9566A94CBCA3}.Debug|Any CPU.Build.0 = Debug|Any CPU
		{D259C121-5C4A-424C-899C-9566A94CBCA3}.Hill30.Dev.WCF|Any CPU.ActiveCfg = Hill30.Dev.WCF|Any CPU
		{D259C121-5C4A-424C-899C-9566A94CBCA3}.Hill30.Dev.WCF|Any CPU.Build.0 = Hill30.Dev.WCF|Any CPU
		{D259C121-5C4A-424C-899C-9566A94CBCA3}.Hill30.Dev|Any CPU.ActiveCfg = Hill30.Dev|Any CPU
		{D259C121-5C4A-424C-899C-9566A94CBCA3}.Hill30.Dev|Any CPU.Build.0 = Hill30.Dev|Any CPU
		{D259C121-5C4A-424C-899C-9566A94CBCA3}.Release|Any CPU.ActiveCfg = Release|Any CPU
		{D259C121-5C4A-424C-899C-9566A94CBCA3}.Release|Any CPU.Build.0 = Release|Any CPU
		{2E74D876-3749-4637-8A17-67C48C58C20F}.Debug|Any CPU.ActiveCfg = Debug|Any CPU
		{2E74D876-3749-4637-8A17-67C48C58C20F}.Debug|Any CPU.Build.0 = Debug|Any CPU
		{2E74D876-3749-4637-8A17-67C48C58C20F}.Debug|Any CPU.Deploy.0 = Debug|Any CPU
		{2E74D876-3749-4637-8A17-67C48C58C20F}.Hill30.Dev.WCF|Any CPU.ActiveCfg = Hill30.Dev.WCF|Any CPU
		{2E74D876-3749-4637-8A17-67C48C58C20F}.Hill30.Dev.WCF|Any CPU.Build.0 = Hill30.Dev.WCF|Any CPU
		{2E74D876-3749-4637-8A17-67C48C58C20F}.Hill30.Dev.WCF|Any CPU.Deploy.0 = Hill30.Dev.WCF|Any CPU
		{2E74D876-3749-4637-8A17-67C48C58C20F}.Hill30.Dev|Any CPU.ActiveCfg = Hill30.Dev|Any CPU
		{2E74D876-3749-4637-8A17-67C48C58C20F}.Hill30.Dev|Any CPU.Build.0 = Hill30.Dev|Any CPU
		{2E74D876-3749-4637-8A17-67C48C58C20F}.Hill30.Dev|Any CPU.Deploy.0 = Hill30.Dev|Any CPU
		{2E74D876-3749-4637-8A17-67C48C58C20F}.Release|Any CPU.ActiveCfg = Release|Any CPU
		{2E74D876-3749-4637-8A17-67C48C58C20F}.Release|Any CPU.Build.0 = Release|Any CPU
		{2E74D876-3749-4637-8A17-67C48C58C20F}.Release|Any CPU.Deploy.0 = Release|Any CPU
		{6B89DA66-A88A-41F2-AC08-2F63B7341F47}.Debug|Any CPU.ActiveCfg = Debug|Any CPU
		{6B89DA66-A88A-41F2-AC08-2F63B7341F47}.Debug|Any CPU.Build.0 = Debug|Any CPU
		{6B89DA66-A88A-41F2-AC08-2F63B7341F47}.Hill30.Dev.WCF|Any CPU.ActiveCfg = Hill30.Dev.WCF|Any CPU
		{6B89DA66-A88A-41F2-AC08-2F63B7341F47}.Hill30.Dev.WCF|Any CPU.Build.0 = Hill30.Dev.WCF|Any CPU
		{6B89DA66-A88A-41F2-AC08-2F63B7341F47}.Hill30.Dev|Any CPU.ActiveCfg = Hill30.Dev|Any CPU
		{6B89DA66-A88A-41F2-AC08-2F63B7341F47}.Hill30.Dev|Any CPU.Build.0 = Hill30.Dev|Any CPU
		{6B89DA66-A88A-41F2-AC08-2F63B7341F47}.Release|Any CPU.ActiveCfg = Release|Any CPU
		{6B89DA66-A88A-41F2-AC08-2F63B7341F47}.Release|Any CPU.Build.0 = Release|Any CPU
		{623BE081-A150-4051-9773-6939B7FD4821}.Debug|Any CPU.ActiveCfg = Debug|Any CPU
		{623BE081-A150-4051-9773-6939B7FD4821}.Debug|Any CPU.Build.0 = Debug|Any CPU
		{623BE081-A150-4051-9773-6939B7FD4821}.Hill30.Dev.WCF|Any CPU.ActiveCfg = Hill30.Dev.WCF|Any CPU
		{623BE081-A150-4051-9773-6939B7FD4821}.Hill30.Dev.WCF|Any CPU.Build.0 = Hill30.Dev.WCF|Any CPU
		{623BE081-A150-4051-9773-6939B7FD4821}.Hill30.Dev|Any CPU.ActiveCfg = Hill30.Dev|Any CPU
		{623BE081-A150-4051-9773-6939B7FD4821}.Hill30.Dev|Any CPU.Build.0 = Hill30.Dev|Any CPU
		{623BE081-A150-4051-9773-6939B7FD4821}.Release|Any CPU.ActiveCfg = Release|Any CPU
		{623BE081-A150-4051-9773-6939B7FD4821}.Release|Any CPU.Build.0 = Release|Any CPU
		{82E20F6A-CB9D-4F5C-B741-EA076E80B256}.Debug|Any CPU.ActiveCfg = Debug|Any CPU
		{82E20F6A-CB9D-4F5C-B741-EA076E80B256}.Debug|Any CPU.Build.0 = Debug|Any CPU
		{82E20F6A-CB9D-4F5C-B741-EA076E80B256}.Debug|Any CPU.Deploy.0 = Debug|Any CPU
		{82E20F6A-CB9D-4F5C-B741-EA076E80B256}.Hill30.Dev.WCF|Any CPU.ActiveCfg = Hill30.Dev.WCF|Any CPU
		{82E20F6A-CB9D-4F5C-B741-EA076E80B256}.Hill30.Dev.WCF|Any CPU.Build.0 = Hill30.Dev.WCF|Any CPU
		{82E20F6A-CB9D-4F5C-B741-EA076E80B256}.Hill30.Dev.WCF|Any CPU.Deploy.0 = Hill30.Dev.WCF|Any CPU
		{82E20F6A-CB9D-4F5C-B741-EA076E80B256}.Hill30.Dev|Any CPU.ActiveCfg = Debug|Any CPU
		{82E20F6A-CB9D-4F5C-B741-EA076E80B256}.Hill30.Dev|Any CPU.Build.0 = Debug|Any CPU
		{82E20F6A-CB9D-4F5C-B741-EA076E80B256}.Hill30.Dev|Any CPU.Deploy.0 = Debug|Any CPU
		{82E20F6A-CB9D-4F5C-B741-EA076E80B256}.Release|Any CPU.ActiveCfg = Release|Any CPU
		{82E20F6A-CB9D-4F5C-B741-EA076E80B256}.Release|Any CPU.Build.0 = Release|Any CPU
		{82E20F6A-CB9D-4F5C-B741-EA076E80B256}.Release|Any CPU.Deploy.0 = Release|Any CPU
		{C7BBA467-E295-456B-BD1F-C47D3BDADCD7}.Debug|Any CPU.ActiveCfg = Debug|Any CPU
		{C7BBA467-E295-456B-BD1F-C47D3BDADCD7}.Debug|Any CPU.Build.0 = Debug|Any CPU
		{C7BBA467-E295-456B-BD1F-C47D3BDADCD7}.Hill30.Dev.WCF|Any CPU.ActiveCfg = Hill30.Dev.WCF|Any CPU
		{C7BBA467-E295-456B-BD1F-C47D3BDADCD7}.Hill30.Dev.WCF|Any CPU.Build.0 = Hill30.Dev.WCF|Any CPU
		{C7BBA467-E295-456B-BD1F-C47D3BDADCD7}.Hill30.Dev|Any CPU.ActiveCfg = Hill30.Dev|Any CPU
		{C7BBA467-E295-456B-BD1F-C47D3BDADCD7}.Hill30.Dev|Any CPU.Build.0 = Hill30.Dev|Any CPU
		{C7BBA467-E295-456B-BD1F-C47D3BDADCD7}.Release|Any CPU.ActiveCfg = Release|Any CPU
		{C7BBA467-E295-456B-BD1F-C47D3BDADCD7}.Release|Any CPU.Build.0 = Release|Any CPU
		{607DA8C2-FEBF-4D3A-8EC6-E4151719D568}.Debug|Any CPU.ActiveCfg = Debug|Any CPU
		{607DA8C2-FEBF-4D3A-8EC6-E4151719D568}.Debug|Any CPU.Build.0 = Debug|Any CPU
		{607DA8C2-FEBF-4D3A-8EC6-E4151719D568}.Hill30.Dev.WCF|Any CPU.ActiveCfg = Hill30.Dev.WCF|Any CPU
		{607DA8C2-FEBF-4D3A-8EC6-E4151719D568}.Hill30.Dev.WCF|Any CPU.Build.0 = Hill30.Dev.WCF|Any CPU
		{607DA8C2-FEBF-4D3A-8EC6-E4151719D568}.Hill30.Dev|Any CPU.ActiveCfg = Hill30.Dev|Any CPU
		{607DA8C2-FEBF-4D3A-8EC6-E4151719D568}.Hill30.Dev|Any CPU.Build.0 = Hill30.Dev|Any CPU
		{607DA8C2-FEBF-4D3A-8EC6-E4151719D568}.Release|Any CPU.ActiveCfg = Release|Any CPU
		{607DA8C2-FEBF-4D3A-8EC6-E4151719D568}.Release|Any CPU.Build.0 = Release|Any CPU
		{3B8E56DE-C5A7-44E0-9AE0-AADC58144661}.Debug|Any CPU.ActiveCfg = Debug|Any CPU
		{3B8E56DE-C5A7-44E0-9AE0-AADC58144661}.Debug|Any CPU.Build.0 = Debug|Any CPU
		{3B8E56DE-C5A7-44E0-9AE0-AADC58144661}.Hill30.Dev.WCF|Any CPU.ActiveCfg = Hill30.Dev.WCF|Any CPU
		{3B8E56DE-C5A7-44E0-9AE0-AADC58144661}.Hill30.Dev.WCF|Any CPU.Build.0 = Hill30.Dev.WCF|Any CPU
		{3B8E56DE-C5A7-44E0-9AE0-AADC58144661}.Hill30.Dev|Any CPU.ActiveCfg = Hill30.Dev|Any CPU
		{3B8E56DE-C5A7-44E0-9AE0-AADC58144661}.Hill30.Dev|Any CPU.Build.0 = Hill30.Dev|Any CPU
		{3B8E56DE-C5A7-44E0-9AE0-AADC58144661}.Release|Any CPU.ActiveCfg = Release|Any CPU
		{3B8E56DE-C5A7-44E0-9AE0-AADC58144661}.Release|Any CPU.Build.0 = Release|Any CPU
		{49386CC3-543B-44A1-886A-E4720888564A}.Debug|Any CPU.ActiveCfg = Debug|Any CPU
		{49386CC3-543B-44A1-886A-E4720888564A}.Debug|Any CPU.Build.0 = Debug|Any CPU
		{49386CC3-543B-44A1-886A-E4720888564A}.Hill30.Dev.WCF|Any CPU.ActiveCfg = Hill30.Dev.WCF|Any CPU
		{49386CC3-543B-44A1-886A-E4720888564A}.Hill30.Dev.WCF|Any CPU.Build.0 = Hill30.Dev.WCF|Any CPU
		{49386CC3-543B-44A1-886A-E4720888564A}.Hill30.Dev|Any CPU.ActiveCfg = Hill30.Dev|Any CPU
		{49386CC3-543B-44A1-886A-E4720888564A}.Hill30.Dev|Any CPU.Build.0 = Hill30.Dev|Any CPU
		{49386CC3-543B-44A1-886A-E4720888564A}.Release|Any CPU.ActiveCfg = Release|Any CPU
		{49386CC3-543B-44A1-886A-E4720888564A}.Release|Any CPU.Build.0 = Release|Any CPU
	EndGlobalSection
	GlobalSection(SolutionProperties) = preSolution
		HideSolutionNode = FALSE
	EndGlobalSection
	GlobalSection(NestedProjects) = preSolution
		{3C479CEE-411B-440A-8319-B2ECC43762B9} = {A9B4F4ED-86B9-496A-AC71-F6B1AB157822}
		{C7BBA467-E295-456B-BD1F-C47D3BDADCD7} = {A9B4F4ED-86B9-496A-AC71-F6B1AB157822}
		{3AE92E8A-FC56-47B7-B83A-4868AE1FB099} = {A9B4F4ED-86B9-496A-AC71-F6B1AB157822}
		{3B8E56DE-C5A7-44E0-9AE0-AADC58144661} = {A9B4F4ED-86B9-496A-AC71-F6B1AB157822}
		{623BE081-A150-4051-9773-6939B7FD4821} = {3ADD2687-7D35-465E-B2C3-7B691C08F1E8}
		{607DA8C2-FEBF-4D3A-8EC6-E4151719D568} = {3ADD2687-7D35-465E-B2C3-7B691C08F1E8}
		{6B89DA66-A88A-41F2-AC08-2F63B7341F47} = {3ADD2687-7D35-465E-B2C3-7B691C08F1E8}
		{49386CC3-543B-44A1-886A-E4720888564A} = {3ADD2687-7D35-465E-B2C3-7B691C08F1E8}
	EndGlobalSection
EndGlobal
